// !$*UTF8*$!
{
	archiveVersion = 1;
	classes = {
	};
	objectVersion = 48;
	objects = {

/* Begin PBXBuildFile section */
		8333643B20367FE2004C2500 /* AppDelegate.swift in Sources */ = {isa = PBXBuildFile; fileRef = 8333643A20367FE2004C2500 /* AppDelegate.swift */; };
		8333643D20367FE2004C2500 /* WelcomeVC.swift in Sources */ = {isa = PBXBuildFile; fileRef = 8333643C20367FE2004C2500 /* WelcomeVC.swift */; };
		8333644020367FE2004C2500 /* Main.storyboard in Resources */ = {isa = PBXBuildFile; fileRef = 8333643E20367FE2004C2500 /* Main.storyboard */; };
		8333644220367FE2004C2500 /* Assets.xcassets in Resources */ = {isa = PBXBuildFile; fileRef = 8333644120367FE2004C2500 /* Assets.xcassets */; };
		8333644520367FE2004C2500 /* LaunchScreen.storyboard in Resources */ = {isa = PBXBuildFile; fileRef = 8333644320367FE2004C2500 /* LaunchScreen.storyboard */; };
		8333645020367FE2004C2500 /* app_swooshTests.swift in Sources */ = {isa = PBXBuildFile; fileRef = 8333644F20367FE2004C2500 /* app_swooshTests.swift */; };
		8333645B20367FE2004C2500 /* app_swooshUITests.swift in Sources */ = {isa = PBXBuildFile; fileRef = 8333645A20367FE2004C2500 /* app_swooshUITests.swift */; };
		8333646A2036858E004C2500 /* BorderButton.swift in Sources */ = {isa = PBXBuildFile; fileRef = 833364692036858E004C2500 /* BorderButton.swift */; };
		838FABBD203D6F9600A5EB5E /* LeagueVC.swift in Sources */ = {isa = PBXBuildFile; fileRef = 838FABBC203D6F9600A5EB5E /* LeagueVC.swift */; };
		838FABBF203D6FA600A5EB5E /* SkillVC.swift in Sources */ = {isa = PBXBuildFile; fileRef = 838FABBE203D6FA600A5EB5E /* SkillVC.swift */; };
		838FABC1203D9A9100A5EB5E /* Player.swift in Sources */ = {isa = PBXBuildFile; fileRef = 838FABC0203D9A9100A5EB5E /* Player.swift */; };
/* End PBXBuildFile section */

/* Begin PBXContainerItemProxy section */
		8333644C20367FE2004C2500 /* PBXContainerItemProxy */ = {
			isa = PBXContainerItemProxy;
			containerPortal = 8333642F20367FE2004C2500 /* Project object */;
			proxyType = 1;
			remoteGlobalIDString = 8333643620367FE2004C2500;
			remoteInfo = "app-swoosh";
		};
		8333645720367FE2004C2500 /* PBXContainerItemProxy */ = {
			isa = PBXContainerItemProxy;
			containerPortal = 8333642F20367FE2004C2500 /* Project object */;
			proxyType = 1;
			remoteGlobalIDString = 8333643620367FE2004C2500;
			remoteInfo = "app-swoosh";
		};
/* End PBXContainerItemProxy section */

/* Begin PBXFileReference section */
		8333643720367FE2004C2500 /* app-swoosh.app */ = {isa = PBXFileReference; explicitFileType = wrapper.application; includeInIndex = 0; path = "app-swoosh.app"; sourceTree = BUILT_PRODUCTS_DIR; };
		8333643A20367FE2004C2500 /* AppDelegate.swift */ = {isa = PBXFileReference; lastKnownFileType = sourcecode.swift; path = AppDelegate.swift; sourceTree = "<group>"; };
		8333643C20367FE2004C2500 /* WelcomeVC.swift */ = {isa = PBXFileReference; lastKnownFileType = sourcecode.swift; path = WelcomeVC.swift; sourceTree = "<group>"; };
		8333643F20367FE2004C2500 /* Base */ = {isa = PBXFileReference; lastKnownFileType = file.storyboard; name = Base; path = Base.lproj/Main.storyboard; sourceTree = "<group>"; };
		8333644120367FE2004C2500 /* Assets.xcassets */ = {isa = PBXFileReference; lastKnownFileType = folder.assetcatalog; path = Assets.xcassets; sourceTree = "<group>"; };
		8333644420367FE2004C2500 /* Base */ = {isa = PBXFileReference; lastKnownFileType = file.storyboard; name = Base; path = Base.lproj/LaunchScreen.storyboard; sourceTree = "<group>"; };
		8333644620367FE2004C2500 /* Info.plist */ = {isa = PBXFileReference; lastKnownFileType = text.plist.xml; path = Info.plist; sourceTree = "<group>"; };
		8333644B20367FE2004C2500 /* app-swooshTests.xctest */ = {isa = PBXFileReference; explicitFileType = wrapper.cfbundle; includeInIndex = 0; path = "app-swooshTests.xctest"; sourceTree = BUILT_PRODUCTS_DIR; };
		8333644F20367FE2004C2500 /* app_swooshTests.swift */ = {isa = PBXFileReference; lastKnownFileType = sourcecode.swift; path = app_swooshTests.swift; sourceTree = "<group>"; };
		8333645120367FE2004C2500 /* Info.plist */ = {isa = PBXFileReference; lastKnownFileType = text.plist.xml; path = Info.plist; sourceTree = "<group>"; };
		8333645620367FE2004C2500 /* app-swooshUITests.xctest */ = {isa = PBXFileReference; explicitFileType = wrapper.cfbundle; includeInIndex = 0; path = "app-swooshUITests.xctest"; sourceTree = BUILT_PRODUCTS_DIR; };
		8333645A20367FE2004C2500 /* app_swooshUITests.swift */ = {isa = PBXFileReference; lastKnownFileType = sourcecode.swift; path = app_swooshUITests.swift; sourceTree = "<group>"; };
		8333645C20367FE3004C2500 /* Info.plist */ = {isa = PBXFileReference; lastKnownFileType = text.plist.xml; path = Info.plist; sourceTree = "<group>"; };
		833364692036858E004C2500 /* BorderButton.swift */ = {isa = PBXFileReference; lastKnownFileType = sourcecode.swift; path = BorderButton.swift; sourceTree = "<group>"; };
		838FABBC203D6F9600A5EB5E /* LeagueVC.swift */ = {isa = PBXFileReference; lastKnownFileType = sourcecode.swift; path = LeagueVC.swift; sourceTree = "<group>"; };
		838FABBE203D6FA600A5EB5E /* SkillVC.swift */ = {isa = PBXFileReference; lastKnownFileType = sourcecode.swift; path = SkillVC.swift; sourceTree = "<group>"; };
		838FABC0203D9A9100A5EB5E /* Player.swift */ = {isa = PBXFileReference; lastKnownFileType = sourcecode.swift; path = Player.swift; sourceTree = "<group>"; };
/* End PBXFileReference section */

/* Begin PBXFrameworksBuildPhase section */
		8333643420367FE2004C2500 /* Frameworks */ = {
			isa = PBXFrameworksBuildPhase;
			buildActionMask = 2147483647;
			files = (
			);
			runOnlyForDeploymentPostprocessing = 0;
		};
		8333644820367FE2004C2500 /* Frameworks */ = {
			isa = PBXFrameworksBuildPhase;
			buildActionMask = 2147483647;
			files = (
			);
			runOnlyForDeploymentPostprocessing = 0;
		};
		8333645320367FE2004C2500 /* Frameworks */ = {
			isa = PBXFrameworksBuildPhase;
			buildActionMask = 2147483647;
			files = (
			);
			runOnlyForDeploymentPostprocessing = 0;
		};
/* End PBXFrameworksBuildPhase section */

/* Begin PBXGroup section */
		8333642E20367FE2004C2500 = {
			isa = PBXGroup;
			children = (
				8333643920367FE2004C2500 /* app-swoosh */,
				8333644E20367FE2004C2500 /* app-swooshTests */,
				8333645920367FE2004C2500 /* app-swooshUITests */,
				8333643820367FE2004C2500 /* Products */,
			);
			sourceTree = "<group>";
		};
		8333643820367FE2004C2500 /* Products */ = {
			isa = PBXGroup;
			children = (
				8333643720367FE2004C2500 /* app-swoosh.app */,
				8333644B20367FE2004C2500 /* app-swooshTests.xctest */,
				8333645620367FE2004C2500 /* app-swooshUITests.xctest */,
			);
			name = Products;
			sourceTree = "<group>";
		};
		8333643920367FE2004C2500 /* app-swoosh */ = {
			isa = PBXGroup;
			children = (
				838FABBB203D6EA600A5EB5E /* Model */,
				838FABBA203D6E9D00A5EB5E /* Controller */,
				83336468203684F9004C2500 /* View */,
				8333643A20367FE2004C2500 /* AppDelegate.swift */,
				8333643E20367FE2004C2500 /* Main.storyboard */,
				8333644120367FE2004C2500 /* Assets.xcassets */,
				8333644320367FE2004C2500 /* LaunchScreen.storyboard */,
				8333644620367FE2004C2500 /* Info.plist */,
			);
			path = "app-swoosh";
			sourceTree = "<group>";
		};
		8333644E20367FE2004C2500 /* app-swooshTests */ = {
			isa = PBXGroup;
			children = (
				8333644F20367FE2004C2500 /* app_swooshTests.swift */,
				8333645120367FE2004C2500 /* Info.plist */,
			);
			path = "app-swooshTests";
			sourceTree = "<group>";
		};
		8333645920367FE2004C2500 /* app-swooshUITests */ = {
			isa = PBXGroup;
			children = (
				8333645A20367FE2004C2500 /* app_swooshUITests.swift */,
				8333645C20367FE3004C2500 /* Info.plist */,
			);
			path = "app-swooshUITests";
			sourceTree = "<group>";
		};
		83336468203684F9004C2500 /* View */ = {
			isa = PBXGroup;
			children = (
				833364692036858E004C2500 /* BorderButton.swift */,
			);
			path = View;
			sourceTree = "<group>";
		};
		838FABBA203D6E9D00A5EB5E /* Controller */ = {
			isa = PBXGroup;
			children = (
				8333643C20367FE2004C2500 /* WelcomeVC.swift */,
				838FABBC203D6F9600A5EB5E /* LeagueVC.swift */,
				838FABBE203D6FA600A5EB5E /* SkillVC.swift */,
			);
			path = Controller;
			sourceTree = "<group>";
		};
		838FABBB203D6EA600A5EB5E /* Model */ = {
			isa = PBXGroup;
			children = (
				838FABC0203D9A9100A5EB5E /* Player.swift */,
			);
			path = Model;
			sourceTree = "<group>";
		};
/* End PBXGroup section */

/* Begin PBXNativeTarget section */
		8333643620367FE2004C2500 /* app-swoosh */ = {
			isa = PBXNativeTarget;
			buildConfigurationList = 8333645F20367FE3004C2500 /* Build configuration list for PBXNativeTarget "app-swoosh" */;
			buildPhases = (
				8333643320367FE2004C2500 /* Sources */,
				8333643420367FE2004C2500 /* Frameworks */,
				8333643520367FE2004C2500 /* Resources */,
			);
			buildRules = (
			);
			dependencies = (
			);
			name = "app-swoosh";
			productName = "app-swoosh";
			productReference = 8333643720367FE2004C2500 /* app-swoosh.app */;
			productType = "com.apple.product-type.application";
		};
		8333644A20367FE2004C2500 /* app-swooshTests */ = {
			isa = PBXNativeTarget;
			buildConfigurationList = 8333646220367FE3004C2500 /* Build configuration list for PBXNativeTarget "app-swooshTests" */;
			buildPhases = (
				8333644720367FE2004C2500 /* Sources */,
				8333644820367FE2004C2500 /* Frameworks */,
				8333644920367FE2004C2500 /* Resources */,
			);
			buildRules = (
			);
			dependencies = (
				8333644D20367FE2004C2500 /* PBXTargetDependency */,
			);
			name = "app-swooshTests";
			productName = "app-swooshTests";
			productReference = 8333644B20367FE2004C2500 /* app-swooshTests.xctest */;
			productType = "com.apple.product-type.bundle.unit-test";
		};
		8333645520367FE2004C2500 /* app-swooshUITests */ = {
			isa = PBXNativeTarget;
			buildConfigurationList = 8333646520367FE3004C2500 /* Build configuration list for PBXNativeTarget "app-swooshUITests" */;
			buildPhases = (
				8333645220367FE2004C2500 /* Sources */,
				8333645320367FE2004C2500 /* Frameworks */,
				8333645420367FE2004C2500 /* Resources */,
			);
			buildRules = (
			);
			dependencies = (
				8333645820367FE2004C2500 /* PBXTargetDependency */,
			);
			name = "app-swooshUITests";
			productName = "app-swooshUITests";
			productReference = 8333645620367FE2004C2500 /* app-swooshUITests.xctest */;
			productType = "com.apple.product-type.bundle.ui-testing";
		};
/* End PBXNativeTarget section */

/* Begin PBXProject section */
		8333642F20367FE2004C2500 /* Project object */ = {
			isa = PBXProject;
			attributes = {
				LastSwiftUpdateCheck = 0920;
				LastUpgradeCheck = 0920;
				ORGANIZATIONNAME = "Luke Shore";
				TargetAttributes = {
					8333643620367FE2004C2500 = {
						CreatedOnToolsVersion = 9.2;
						ProvisioningStyle = Automatic;
					};
					8333644A20367FE2004C2500 = {
						CreatedOnToolsVersion = 9.2;
						ProvisioningStyle = Automatic;
						TestTargetID = 8333643620367FE2004C2500;
					};
					8333645520367FE2004C2500 = {
						CreatedOnToolsVersion = 9.2;
						ProvisioningStyle = Automatic;
						TestTargetID = 8333643620367FE2004C2500;
					};
				};
			};
			buildConfigurationList = 8333643220367FE2004C2500 /* Build configuration list for PBXProject "app-swoosh" */;
			compatibilityVersion = "Xcode 8.0";
			developmentRegion = en;
			hasScannedForEncodings = 0;
			knownRegions = (
				en,
				Base,
			);
			mainGroup = 8333642E20367FE2004C2500;
			productRefGroup = 8333643820367FE2004C2500 /* Products */;
			projectDirPath = "";
			projectRoot = "";
			targets = (
				8333643620367FE2004C2500 /* app-swoosh */,
				8333644A20367FE2004C2500 /* app-swooshTests */,
				8333645520367FE2004C2500 /* app-swooshUITests */,
			);
		};
/* End PBXProject section */

/* Begin PBXResourcesBuildPhase section */
		8333643520367FE2004C2500 /* Resources */ = {
			isa = PBXResourcesBuildPhase;
			buildActionMask = 2147483647;
			files = (
				8333644520367FE2004C2500 /* LaunchScreen.storyboard in Resources */,
				8333644220367FE2004C2500 /* Assets.xcassets in Resources */,
				8333644020367FE2004C2500 /* Main.storyboard in Resources */,
			);
			runOnlyForDeploymentPostprocessing = 0;
		};
		8333644920367FE2004C2500 /* Resources */ = {
			isa = PBXResourcesBuildPhase;
			buildActionMask = 2147483647;
			files = (
			);
			runOnlyForDeploymentPostprocessing = 0;
		};
		8333645420367FE2004C2500 /* Resources */ = {
			isa = PBXResourcesBuildPhase;
			buildActionMask = 2147483647;
			files = (
			);
			runOnlyForDeploymentPostprocessing = 0;
		};
/* End PBXResourcesBuildPhase section */

/* Begin PBXSourcesBuildPhase section */
		8333643320367FE2004C2500 /* Sources */ = {
			isa = PBXSourcesBuildPhase;
			buildActionMask = 2147483647;
			files = (
				8333643D20367FE2004C2500 /* WelcomeVC.swift in Sources */,
				838FABBD203D6F9600A5EB5E /* LeagueVC.swift in Sources */,
				8333643B20367FE2004C2500 /* AppDelegate.swift in Sources */,
				838FABBF203D6FA600A5EB5E /* SkillVC.swift in Sources */,
				838FABC1203D9A9100A5EB5E /* Player.swift in Sources */,
				8333646A2036858E004C2500 /* BorderButton.swift in Sources */,
			);
			runOnlyForDeploymentPostprocessing = 0;
		};
		8333644720367FE2004C2500 /* Sources */ = {
			isa = PBXSourcesBuildPhase;
			buildActionMask = 2147483647;
			files = (
				8333645020367FE2004C2500 /* app_swooshTests.swift in Sources */,
			);
			runOnlyForDeploymentPostprocessing = 0;
		};
		8333645220367FE2004C2500 /* Sources */ = {
			isa = PBXSourcesBuildPhase;
			buildActionMask = 2147483647;
			files = (
				8333645B20367FE2004C2500 /* app_swooshUITests.swift in Sources */,
			);
			runOnlyForDeploymentPostprocessing = 0;
		};
/* End PBXSourcesBuildPhase section */

/* Begin PBXTargetDependency section */
		8333644D20367FE2004C2500 /* PBXTargetDependency */ = {
			isa = PBXTargetDependency;
			target = 8333643620367FE2004C2500 /* app-swoosh */;
			targetProxy = 8333644C20367FE2004C2500 /* PBXContainerItemProxy */;
		};
		8333645820367FE2004C2500 /* PBXTargetDependency */ = {
			isa = PBXTargetDependency;
			target = 8333643620367FE2004C2500 /* app-swoosh */;
			targetProxy = 8333645720367FE2004C2500 /* PBXContainerItemProxy */;
		};
/* End PBXTargetDependency section */

/* Begin PBXVariantGroup section */
		8333643E20367FE2004C2500 /* Main.storyboard */ = {
			isa = PBXVariantGroup;
			children = (
				8333643F20367FE2004C2500 /* Base */,
			);
			name = Main.storyboard;
			sourceTree = "<group>";
		};
		8333644320367FE2004C2500 /* LaunchScreen.storyboard */ = {
			isa = PBXVariantGroup;
			children = (
				8333644420367FE2004C2500 /* Base */,
			);
			name = LaunchScreen.storyboard;
			sourceTree = "<group>";
		};
/* End PBXVariantGroup section */

/* Begin XCBuildConfiguration section */
		8333645D20367FE3004C2500 /* Debug */ = {
			isa = XCBuildConfiguration;
			buildSettings = {
				ALWAYS_SEARCH_USER_PATHS = NO;
				CLANG_ANALYZER_NONNULL = YES;
				CLANG_ANALYZER_NUMBER_OBJECT_CONVERSION = YES_AGGRESSIVE;
				CLANG_CXX_LANGUAGE_STANDARD = "gnu++14";
				CLANG_CXX_LIBRARY = "libc++";
				CLANG_ENABLE_MODULES = YES;
				CLANG_ENABLE_OBJC_ARC = YES;
				CLANG_WARN_BLOCK_CAPTURE_AUTORELEASING = YES;
				CLANG_WARN_BOOL_CONVERSION = YES;
				CLANG_WARN_COMMA = YES;
				CLANG_WARN_CONSTANT_CONVERSION = YES;
				CLANG_WARN_DIRECT_OBJC_ISA_USAGE = YES_ERROR;
				CLANG_WARN_DOCUMENTATION_COMMENTS = YES;
				CLANG_WARN_EMPTY_BODY = YES;
				CLANG_WARN_ENUM_CONVERSION = YES;
				CLANG_WARN_INFINITE_RECURSION = YES;
				CLANG_WARN_INT_CONVERSION = YES;
				CLANG_WARN_NON_LITERAL_NULL_CONVERSION = YES;
				CLANG_WARN_OBJC_LITERAL_CONVERSION = YES;
				CLANG_WARN_OBJC_ROOT_CLASS = YES_ERROR;
				CLANG_WARN_RANGE_LOOP_ANALYSIS = YES;
				CLANG_WARN_STRICT_PROTOTYPES = YES;
				CLANG_WARN_SUSPICIOUS_MOVE = YES;
				CLANG_WARN_UNGUARDED_AVAILABILITY = YES_AGGRESSIVE;
				CLANG_WARN_UNREACHABLE_CODE = YES;
				CLANG_WARN__DUPLICATE_METHOD_MATCH = YES;
				CODE_SIGN_IDENTITY = "iPhone Developer";
				COPY_PHASE_STRIP = NO;
				DEBUG_INFORMATION_FORMAT = dwarf;
				ENABLE_STRICT_OBJC_MSGSEND = YES;
				ENABLE_TESTABILITY = YES;
				GCC_C_LANGUAGE_STANDARD = gnu11;
				GCC_DYNAMIC_NO_PIC = NO;
				GCC_NO_COMMON_BLOCKS = YES;
				GCC_OPTIMIZATION_LEVEL = 0;
				GCC_PREPROCESSOR_DEFINITIONS = (
					"DEBUG=1",
					"$(inherited)",
				);
				GCC_WARN_64_TO_32_BIT_CONVERSION = YES;
				GCC_WARN_ABOUT_RETURN_TYPE = YES_ERROR;
				GCC_WARN_UNDECLARED_SELECTOR = YES;
				GCC_WARN_UNINITIALIZED_AUTOS = YES_AGGRESSIVE;
				GCC_WARN_UNUSED_FUNCTION = YES;
				GCC_WARN_UNUSED_VARIABLE = YES;
				IPHONEOS_DEPLOYMENT_TARGET = 11.2;
				MTL_ENABLE_DEBUG_INFO = YES;
				ONLY_ACTIVE_ARCH = YES;
				SDKROOT = iphoneos;
				SWIFT_ACTIVE_COMPILATION_CONDITIONS = DEBUG;
				SWIFT_OPTIMIZATION_LEVEL = "-Onone";
			};
			name = Debug;
		};
		8333645E20367FE3004C2500 /* Release */ = {
			isa = XCBuildConfiguration;
			buildSettings = {
				ALWAYS_SEARCH_USER_PATHS = NO;
				CLANG_ANALYZER_NONNULL = YES;
				CLANG_ANALYZER_NUMBER_OBJECT_CONVERSION = YES_AGGRESSIVE;
				CLANG_CXX_LANGUAGE_STANDARD = "gnu++14";
				CLANG_CXX_LIBRARY = "libc++";
				CLANG_ENABLE_MODULES = YES;
				CLANG_ENABLE_OBJC_ARC = YES;
				CLANG_WARN_BLOCK_CAPTURE_AUTORELEASING = YES;
				CLANG_WARN_BOOL_CONVERSION = YES;
				CLANG_WARN_COMMA = YES;
				CLANG_WARN_CONSTANT_CONVERSION = YES;
				CLANG_WARN_DIRECT_OBJC_ISA_USAGE = YES_ERROR;
				CLANG_WARN_DOCUMENTATION_COMMENTS = YES;
				CLANG_WARN_EMPTY_BODY = YES;
				CLANG_WARN_ENUM_CONVERSION = YES;
				CLANG_WARN_INFINITE_RECURSION = YES;
				CLANG_WARN_INT_CONVERSION = YES;
				CLANG_WARN_NON_LITERAL_NULL_CONVERSION = YES;
				CLANG_WARN_OBJC_LITERAL_CONVERSION = YES;
				CLANG_WARN_OBJC_ROOT_CLASS = YES_ERROR;
				CLANG_WARN_RANGE_LOOP_ANALYSIS = YES;
				CLANG_WARN_STRICT_PROTOTYPES = YES;
				CLANG_WARN_SUSPICIOUS_MOVE = YES;
				CLANG_WARN_UNGUARDED_AVAILABILITY = YES_AGGRESSIVE;
				CLANG_WARN_UNREACHABLE_CODE = YES;
				CLANG_WARN__DUPLICATE_METHOD_MATCH = YES;
				CODE_SIGN_IDENTITY = "iPhone Developer";
				COPY_PHASE_STRIP = NO;
				DEBUG_INFORMATION_FORMAT = "dwarf-with-dsym";
				ENABLE_NS_ASSERTIONS = NO;
				ENABLE_STRICT_OBJC_MSGSEND = YES;
				GCC_C_LANGUAGE_STANDARD = gnu11;
				GCC_NO_COMMON_BLOCKS = YES;
				GCC_WARN_64_TO_32_BIT_CONVERSION = YES;
				GCC_WARN_ABOUT_RETURN_TYPE = YES_ERROR;
				GCC_WARN_UNDECLARED_SELECTOR = YES;
				GCC_WARN_UNINITIALIZED_AUTOS = YES_AGGRESSIVE;
				GCC_WARN_UNUSED_FUNCTION = YES;
				GCC_WARN_UNUSED_VARIABLE = YES;
				IPHONEOS_DEPLOYMENT_TARGET = 11.2;
				MTL_ENABLE_DEBUG_INFO = NO;
				SDKROOT = iphoneos;
				SWIFT_OPTIMIZATION_LEVEL = "-Owholemodule";
				VALIDATE_PRODUCT = YES;
			};
			name = Release;
		};
		8333646020367FE3004C2500 /* Debug */ = {
			isa = XCBuildConfiguration;
			buildSettings = {
				ASSETCATALOG_COMPILER_APPICON_NAME = AppIcon;
				CODE_SIGN_STYLE = Automatic;
				DEVELOPMENT_TEAM = NJUYQ27S8F;
				INFOPLIST_FILE = "app-swoosh/Info.plist";
				LD_RUNPATH_SEARCH_PATHS = "$(inherited) @executable_path/Frameworks";
				PRODUCT_BUNDLE_IDENTIFIER = "lukeshore.app-swoosh";
				PRODUCT_NAME = "$(TARGET_NAME)";
				SWIFT_VERSION = 4.0;
				TARGETED_DEVICE_FAMILY = "1,2";
			};
			name = Debug;
		};
		8333646120367FE3004C2500 /* Release */ = {
			isa = XCBuildConfiguration;
			buildSettings = {
				ASSETCATALOG_COMPILER_APPICON_NAME = AppIcon;
				CODE_SIGN_STYLE = Automatic;
				DEVELOPMENT_TEAM = NJUYQ27S8F;
				INFOPLIST_FILE = "app-swoosh/Info.plist";
				LD_RUNPATH_SEARCH_PATHS = "$(inherited) @executable_path/Frameworks";
				PRODUCT_BUNDLE_IDENTIFIER = "lukeshore.app-swoosh";
				PRODUCT_NAME = "$(TARGET_NAME)";
				SWIFT_VERSION = 4.0;
				TARGETED_DEVICE_FAMILY = "1,2";
			};
			name = Release;
		};
		8333646320367FE3004C2500 /* Debug */ = {
			isa = XCBuildConfiguration;
			buildSettings = {
				ALWAYS_EMBED_SWIFT_STANDARD_LIBRARIES = YES;
				BUNDLE_LOADER = "$(TEST_HOST)";
				CODE_SIGN_STYLE = Automatic;
				DEVELOPMENT_TEAM = NJUYQ27S8F;
				INFOPLIST_FILE = "app-swooshTests/Info.plist";
				LD_RUNPATH_SEARCH_PATHS = "$(inherited) @executable_path/Frameworks @loader_path/Frameworks";
				PRODUCT_BUNDLE_IDENTIFIER = "lukeshore.app-swooshTests";
				PRODUCT_NAME = "$(TARGET_NAME)";
				SWIFT_VERSION = 4.0;
				TARGETED_DEVICE_FAMILY = "1,2";
				TEST_HOST = "$(BUILT_PRODUCTS_DIR)/app-swoosh.app/app-swoosh";
			};
			name = Debug;
		};
		8333646420367FE3004C2500 /* Release */ = {
			isa = XCBuildConfiguration;
			buildSettings = {
				ALWAYS_EMBED_SWIFT_STANDARD_LIBRARIES = YES;
				BUNDLE_LOADER = "$(TEST_HOST)";
				CODE_SIGN_STYLE = Automatic;
				DEVELOPMENT_TEAM = NJUYQ27S8F;
				INFOPLIST_FILE = "app-swooshTests/Info.plist";
				LD_RUNPATH_SEARCH_PATHS = "$(inherited) @executable_path/Frameworks @loader_path/Frameworks";
				PRODUCT_BUNDLE_IDENTIFIER = "lukeshore.app-swooshTests";
				PRODUCT_NAME = "$(TARGET_NAME)";
				SWIFT_VERSION = 4.0;
				TARGETED_DEVICE_FAMILY = "1,2";
				TEST_HOST = "$(BUILT_PRODUCTS_DIR)/app-swoosh.app/app-swoosh";
			};
			name = Release;
		};
		8333646620367FE3004C2500 /* Debug */ = {
			isa = XCBuildConfiguration;
			buildSettings = {
				ALWAYS_EMBED_SWIFT_STANDARD_LIBRARIES = YES;
				CODE_SIGN_STYLE = Automatic;
				DEVELOPMENT_TEAM = NJUYQ27S8F;
				INFOPLIST_FILE = "app-swooshUITests/Info.plist";
				LD_RUNPATH_SEARCH_PATHS = "$(inherited) @executable_path/Frameworks @loader_path/Frameworks";
				PRODUCT_BUNDLE_IDENTIFIER = "lukeshore.app-swooshUITests";
				PRODUCT_NAME = "$(TARGET_NAME)";
				SWIFT_VERSION = 4.0;
				TARGETED_DEVICE_FAMILY = "1,2";
				TEST_TARGET_NAME = "app-swoosh";
			};
			name = Debug;
		};
		8333646720367FE3004C2500 /* Release */ = {
			isa = XCBuildConfiguration;
			buildSettings = {
				ALWAYS_EMBED_SWIFT_STANDARD_LIBRARIES = YES;
				CODE_SIGN_STYLE = Automatic;
				DEVELOPMENT_TEAM = NJUYQ27S8F;
				INFOPLIST_FILE = "app-swooshUITests/Info.plist";
				LD_RUNPATH_SEARCH_PATHS = "$(inherited) @executable_path/Frameworks @loader_path/Frameworks";
				PRODUCT_BUNDLE_IDENTIFIER = "lukeshore.app-swooshUITests";
				PRODUCT_NAME = "$(TARGET_NAME)";
				SWIFT_VERSION = 4.0;
				TARGETED_DEVICE_FAMILY = "1,2";
				TEST_TARGET_NAME = "app-swoosh";
			};
			name = Release;
		};
/* End XCBuildConfiguration section */

/* Begin XCConfigurationList section */
		8333643220367FE2004C2500 /* Build configuration list for PBXProject "app-swoosh" */ = {
			isa = XCConfigurationList;
			buildConfigurations = (
				8333645D20367FE3004C2500 /* Debug */,
				8333645E20367FE3004C2500 /* Release */,
			);
			defaultConfigurationIsVisible = 0;
			defaultConfigurationName = Release;
		};
		8333645F20367FE3004C2500 /* Build configuration list for PBXNativeTarget "app-swoosh" */ = {
			isa = XCConfigurationList;
			buildConfigurations = (
				8333646020367FE3004C2500 /* Debug */,
				8333646120367FE3004C2500 /* Release */,
			);
			defaultConfigurationIsVisible = 0;
			defaultConfigurationName = Release;
		};
		8333646220367FE3004C2500 /* Build configuration list for PBXNativeTarget "app-swooshTests" */ = {
			isa = XCConfigurationList;
			buildConfigurations = (
				8333646320367FE3004C2500 /* Debug */,
				8333646420367FE3004C2500 /* Release */,
			);
			defaultConfigurationIsVisible = 0;
			defaultConfigurationName = Release;
		};
		8333646520367FE3004C2500 /* Build configuration list for PBXNativeTarget "app-swooshUITests" */ = {
			isa = XCConfigurationList;
			buildConfigurations = (
				8333646620367FE3004C2500 /* Debug */,
				8333646720367FE3004C2500 /* Release */,
			);
			defaultConfigurationIsVisible = 0;
			defaultConfigurationName = Release;
		};
/* End XCConfigurationList section */
	};
	rootObject = 8333642F20367FE2004C2500 /* Project object */;
}
